
Microsoft Visual Studio Solution File, Format Version 12.00
# Visual Studio 2013
VisualStudioVersion = 12.0.40629.0
MinimumVisualStudioVersion = 10.0.40219.1
Project("{FAE04EC0-301F-11D3-BF4B-00C04F79EFBC}") = "Tamrin_TennisGame", "Tamrin_TennisGame\Tamrin_TennisGame.csproj", "{690A268E-CB0C-4893-9FE4-D081985B7606}"
EndProject
Global
	GlobalSection(SolutionConfigurationPlatforms) = preSolution
		Debug|Any CPU = Debug|Any CPU
		Release|Any CPU = Release|Any CPU
	EndGlobalSection
	GlobalSection(ProjectConfigurationPlatforms) = postSolution
		{690A268E-CB0C-4893-9FE4-D081985B7606}.Debug|Any CPU.ActiveCfg = Debug|Any CPU
		{690A268E-CB0C-4893-9FE4-D081985B7606}.Debug|Any CPU.Build.0 = Debug|Any CPU
		{690A268E-CB0C-4893-9FE4-D081985B7606}.Release|Any CPU.ActiveCfg = Release|Any CPU
		{690A268E-CB0C-4893-9FE4-D081985B7606}.Release|Any CPU.Build.0 = Release|Any CPU
	EndGlobalSection
	GlobalSection(SolutionProperties) = preSolution
		HideSolutionNode = FALSE
	EndGlobalSection
EndGlobal
